
Microsoft Visual Studio Solution File, Format Version 12.00
# Visual Studio Version 17
VisualStudioVersion = 17.0.31903.59
MinimumVisualStudioVersion = 10.0.40219.1
Project("{2150E333-8FDC-42A3-9474-1A3956D46DE8}") = "src", "src", "{827E0CD3-B72D-47B6-A68D-7590B98EB39B}"
EndProject
Project("{FAE04EC0-301F-11D3-BF4B-00C04F79EFBC}") = "MolanaApp.API", "src\MolanaApp.API\MolanaApp.API.csproj", "{40BA0289-2B41-4D3B-A737-A6419BD1AF03}"
EndProject
Project("{FAE04EC0-301F-11D3-BF4B-00C04F79EFBC}") = "MolanaApp.Domain", "src\MolanaApp.Domain\MolanaApp.Domain.csproj", "{F9F9F48F-2697-494C-B07B-3E9B6E057D15}"
EndProject
Project("{FAE04EC0-301F-11D3-BF4B-00C04F79EFBC}") = "MolanaApp.Infrastructure", "src\MolanaApp.Infrastructure\MolanaApp.Infrastructure.csproj", "{A1FDD818-3B06-4CE1-BDEF-8BE14B045127}"
EndProject
Global
	GlobalSection(SolutionConfigurationPlatforms) = preSolution
		Debug|Any CPU = Debug|Any CPU
		Debug|x64 = Debug|x64
		Debug|x86 = Debug|x86
		Release|Any CPU = Release|Any CPU
		Release|x64 = Release|x64
		Release|x86 = Release|x86
	EndGlobalSection
	GlobalSection(ProjectConfigurationPlatforms) = postSolution
		{40BA0289-2B41-4D3B-A737-A6419BD1AF03}.Debug|Any CPU.ActiveCfg = Debug|Any CPU
		{40BA0289-2B41-4D3B-A737-A6419BD1AF03}.Debug|Any CPU.Build.0 = Debug|Any CPU
		{40BA0289-2B41-4D3B-A737-A6419BD1AF03}.Debug|x64.ActiveCfg = Debug|Any CPU
		{40BA0289-2B41-4D3B-A737-A6419BD1AF03}.Debug|x64.Build.0 = Debug|Any CPU
		{40BA0289-2B41-4D3B-A737-A6419BD1AF03}.Debug|x86.ActiveCfg = Debug|Any CPU
		{40BA0289-2B41-4D3B-A737-A6419BD1AF03}.Debug|x86.Build.0 = Debug|Any CPU
		{40BA0289-2B41-4D3B-A737-A6419BD1AF03}.Release|Any CPU.ActiveCfg = Release|Any CPU
		{40BA0289-2B41-4D3B-A737-A6419BD1AF03}.Release|Any CPU.Build.0 = Release|Any CPU
		{40BA0289-2B41-4D3B-A737-A6419BD1AF03}.Release|x64.ActiveCfg = Release|Any CPU
		{40BA0289-2B41-4D3B-A737-A6419BD1AF03}.Release|x64.Build.0 = Release|Any CPU
		{40BA0289-2B41-4D3B-A737-A6419BD1AF03}.Release|x86.ActiveCfg = Release|Any CPU
		{40BA0289-2B41-4D3B-A737-A6419BD1AF03}.Release|x86.Build.0 = Release|Any CPU
		{F9F9F48F-2697-494C-B07B-3E9B6E057D15}.Debug|Any CPU.ActiveCfg = Debug|Any CPU
		{F9F9F48F-2697-494C-B07B-3E9B6E057D15}.Debug|Any CPU.Build.0 = Debug|Any CPU
		{F9F9F48F-2697-494C-B07B-3E9B6E057D15}.Debug|x64.ActiveCfg = Debug|Any CPU
		{F9F9F48F-2697-494C-B07B-3E9B6E057D15}.Debug|x64.Build.0 = Debug|Any CPU
		{F9F9F48F-2697-494C-B07B-3E9B6E057D15}.Debug|x86.ActiveCfg = Debug|Any CPU
		{F9F9F48F-2697-494C-B07B-3E9B6E057D15}.Debug|x86.Build.0 = Debug|Any CPU
		{F9F9F48F-2697-494C-B07B-3E9B6E057D15}.Release|Any CPU.ActiveCfg = Release|Any CPU
		{F9F9F48F-2697-494C-B07B-3E9B6E057D15}.Release|Any CPU.Build.0 = Release|Any CPU
		{F9F9F48F-2697-494C-B07B-3E9B6E057D15}.Release|x64.ActiveCfg = Release|Any CPU
		{F9F9F48F-2697-494C-B07B-3E9B6E057D15}.Release|x64.Build.0 = Release|Any CPU
		{F9F9F48F-2697-494C-B07B-3E9B6E057D15}.Release|x86.ActiveCfg = Release|Any CPU
		{F9F9F48F-2697-494C-B07B-3E9B6E057D15}.Release|x86.Build.0 = Release|Any CPU
		{A1FDD818-3B06-4CE1-BDEF-8BE14B045127}.Debug|Any CPU.ActiveCfg = Debug|Any CPU
		{A1FDD818-3B06-4CE1-BDEF-8BE14B045127}.Debug|Any CPU.Build.0 = Debug|Any CPU
		{A1FDD818-3B06-4CE1-BDEF-8BE14B045127}.Debug|x64.ActiveCfg = Debug|Any CPU
		{A1FDD818-3B06-4CE1-BDEF-8BE14B045127}.Debug|x64.Build.0 = Debug|Any CPU
		{A1FDD818-3B06-4CE1-BDEF-8BE14B045127}.Debug|x86.ActiveCfg = Debug|Any CPU
		{A1FDD818-3B06-4CE1-BDEF-8BE14B045127}.Debug|x86.Build.0 = Debug|Any CPU
		{A1FDD818-3B06-4CE1-BDEF-8BE14B045127}.Release|Any CPU.ActiveCfg = Release|Any CPU
		{A1FDD818-3B06-4CE1-BDEF-8BE14B045127}.Release|Any CPU.Build.0 = Release|Any CPU
		{A1FDD818-3B06-4CE1-BDEF-8BE14B045127}.Release|x64.ActiveCfg = Release|Any CPU
		{A1FDD818-3B06-4CE1-BDEF-8BE14B045127}.Release|x64.Build.0 = Release|Any CPU
		{A1FDD818-3B06-4CE1-BDEF-8BE14B045127}.Release|x86.ActiveCfg = Release|Any CPU
		{A1FDD818-3B06-4CE1-BDEF-8BE14B045127}.Release|x86.Build.0 = Release|Any CPU
	EndGlobalSection
	GlobalSection(SolutionProperties) = preSolution
		HideSolutionNode = FALSE
	EndGlobalSection
	GlobalSection(NestedProjects) = preSolution
		{40BA0289-2B41-4D3B-A737-A6419BD1AF03} = {827E0CD3-B72D-47B6-A68D-7590B98EB39B}
		{F9F9F48F-2697-494C-B07B-3E9B6E057D15} = {827E0CD3-B72D-47B6-A68D-7590B98EB39B}
		{A1FDD818-3B06-4CE1-BDEF-8BE14B045127} = {827E0CD3-B72D-47B6-A68D-7590B98EB39B}
	EndGlobalSection
EndGlobal
